<?xml version="1.0" encoding="utf-8"?>
<Project ToolsVersion="4.0" xmlns="http://schemas.microsoft.com/developer/msbuild/2003">
  <ItemGroup>
    <Natvis Include="../utils/natvis/unigine_stl.natvis" />
  </ItemGroup>
  <ItemGroup>
    <Filter Include="Source Files">
      <UniqueIdentifier>{4FC737F1-C7A5-4376-A066-2A32D752A2FF}</UniqueIdentifier>
      <Extensions>cpp;c;cc;cxx;def;odl;idl;hpj;bat;asm;asmx</Extensions>
    </Filter>
    <Filter Include="Header Files">
      <UniqueIdentifier>{93995380-89BD-4b04-88EB-625FBE52EBFB}</UniqueIdentifier>
      <Extensions>h;hh;hpp;hxx;hm;inl;inc;ipp;xsd</Extensions>
    </Filter>
    <Filter Include="Resource Files">
      <UniqueIdentifier>{67DA6AB6-F800-4c08-8B7A-83BB121AAD01}</UniqueIdentifier>
      <Extensions>rc;ico;cur;bmp;dlg;rc2;rct;bin;rgs;gif;jpg;jpeg;jpe;resx;tiff;tif;png;wav;mfcribbon-ms</Extensions>
    </Filter>
    <Filter Include="Point Cloud Utilities">
      <UniqueIdentifier>{66441426-ace0-4cba-ad72-8ec88f430e59}</UniqueIdentifier>
    </Filter>
    <Filter Include="Point Cloud Utilities\Header Files">
      <UniqueIdentifier>{2591e77f-5b55-4550-9c41-9a24b2ae1744}</UniqueIdentifier>
      <Extensions>h;hh;hpp;hxx;hm;inl;inc;ipp;xsd</Extensions>
    </Filter>
    <Filter Include="Point Cloud Utilities\Source Files">
      <UniqueIdentifier>{e9a1d39f-f772-4713-95f7-2eb9882605f0}</UniqueIdentifier>
      <Extensions>cpp;c;cc;cxx;def;odl;idl;hpj;bat;asm;asmx</Extensions>
    </Filter>
    <Filter Include="GUI">
      <UniqueIdentifier>{8b0c288c-2d6b-499e-b280-f4d6d9456b67}</UniqueIdentifier>
    </Filter>
    <Filter Include="GUI\Source Files">
      <UniqueIdentifier>{bdbc2fd8-e950-4408-8ccd-b80e7206baba}</UniqueIdentifier>
    </Filter>
    <Filter Include="GUI\Header Files">
      <UniqueIdentifier>{838f0a2c-3f19-42cd-8a81-ac384e9712dc}</UniqueIdentifier>
    </Filter>
  </ItemGroup>
  <ItemGroup>
    <ClCompile Include="AppEditorLogic.cpp">
      <Filter>Source Files</Filter>
    </ClCompile>
    <ClCompile Include="AppSystemLogic.cpp">
      <Filter>Source Files</Filter>
    </ClCompile>
    <ClCompile Include="AppWorldLogic.cpp">
      <Filter>Source Files</Filter>
    </ClCompile>
    <ClCompile Include="main.cpp">
      <Filter>Source Files</Filter>
    </ClCompile>
    <ClCompile Include="GUI\MainGUI.cpp">
      <Filter>GUI\Source Files</Filter>
    </ClCompile>
    <ClCompile Include="GUI\CreateProjectWindow.cpp">
      <Filter>GUI\Source Files</Filter>
    </ClCompile>
  </ItemGroup>
  <ItemGroup>
    <ClInclude Include="include\AppEditorLogic.h">
      <Filter>Header Files</Filter>
    </ClInclude>
    <ClInclude Include="include\AppSystemLogic.h">
      <Filter>Header Files</Filter>
    </ClInclude>
    <ClInclude Include="include\AppWorldLogic.h">
      <Filter>Header Files</Filter>
    </ClInclude>
    <ClInclude Include="GUI\MainGUI.h">
      <Filter>GUI\Header Files</Filter>
    </ClInclude>
    <ClInclude Include="GUI\CreateProjectWindow.h">
      <Filter>GUI\Header Files</Filter>
    </ClInclude>
  </ItemGroup>
</Project>